
Microsoft Visual Studio Solution File, Format Version 12.00
# Visual Studio Version 17
VisualStudioVersion = 17.10.35122.118
MinimumVisualStudioVersion = 10.0.40219.1
Project("{9A19103F-16F7-4668-BE54-9A1E7A4F7556}") = "EtherSharp", "src\EtherSharp\EtherSharp.csproj", "{FC1B5563-CE33-48C6-8F12-7D5F58151098}"
EndProject
Project("{9A19103F-16F7-4668-BE54-9A1E7A4F7556}") = "EtherSharp.Tests", "tests\EtherSharp.Tests.csproj", "{C32F3ABD-9983-4C8B-B145-AAEEE0FC2DCB}"
EndProject
Project("{9A19103F-16F7-4668-BE54-9A1E7A4F7556}") = "EtherSharp.Bench", "bench\EtherSharp.Bench.csproj", "{0F102C97-4957-4566-9C79-CFEE38B9D86C}"
EndProject
Project("{2150E333-8FDC-42A3-9474-1A3956D46DE8}") = "bench", "bench", "{54E6E2E7-3D09-4846-B0DF-DE22EA0AF516}"
EndProject
Project("{2150E333-8FDC-42A3-9474-1A3956D46DE8}") = "tests", "tests", "{DC64C388-0A1C-4D74-ACC9-942486418953}"
EndProject
Project("{FAE04EC0-301F-11D3-BF4B-00C04F79EFBC}") = "EtherSharp.Generator", "src\EtherSharp.Generator\EtherSharp.Generator.csproj", "{E3E86DD8-234F-4724-B544-F38B2D1675BA}"
EndProject
Global
	GlobalSection(SolutionConfigurationPlatforms) = preSolution
		Debug|Any CPU = Debug|Any CPU
		Release|Any CPU = Release|Any CPU
	EndGlobalSection
	GlobalSection(ProjectConfigurationPlatforms) = postSolution
		{FC1B5563-CE33-48C6-8F12-7D5F58151098}.Debug|Any CPU.ActiveCfg = Debug|Any CPU
		{FC1B5563-CE33-48C6-8F12-7D5F58151098}.Debug|Any CPU.Build.0 = Debug|Any CPU
		{FC1B5563-CE33-48C6-8F12-7D5F58151098}.Release|Any CPU.ActiveCfg = Release|Any CPU
		{FC1B5563-CE33-48C6-8F12-7D5F58151098}.Release|Any CPU.Build.0 = Release|Any CPU
		{C32F3ABD-9983-4C8B-B145-AAEEE0FC2DCB}.Debug|Any CPU.ActiveCfg = Debug|Any CPU
		{C32F3ABD-9983-4C8B-B145-AAEEE0FC2DCB}.Debug|Any CPU.Build.0 = Debug|Any CPU
		{C32F3ABD-9983-4C8B-B145-AAEEE0FC2DCB}.Release|Any CPU.ActiveCfg = Release|Any CPU
		{C32F3ABD-9983-4C8B-B145-AAEEE0FC2DCB}.Release|Any CPU.Build.0 = Release|Any CPU
		{0F102C97-4957-4566-9C79-CFEE38B9D86C}.Debug|Any CPU.ActiveCfg = Debug|Any CPU
		{0F102C97-4957-4566-9C79-CFEE38B9D86C}.Debug|Any CPU.Build.0 = Debug|Any CPU
		{0F102C97-4957-4566-9C79-CFEE38B9D86C}.Release|Any CPU.ActiveCfg = Release|Any CPU
		{0F102C97-4957-4566-9C79-CFEE38B9D86C}.Release|Any CPU.Build.0 = Release|Any CPU
		{E3E86DD8-234F-4724-B544-F38B2D1675BA}.Debug|Any CPU.ActiveCfg = Debug|Any CPU
		{E3E86DD8-234F-4724-B544-F38B2D1675BA}.Debug|Any CPU.Build.0 = Debug|Any CPU
		{E3E86DD8-234F-4724-B544-F38B2D1675BA}.Release|Any CPU.ActiveCfg = Release|Any CPU
		{E3E86DD8-234F-4724-B544-F38B2D1675BA}.Release|Any CPU.Build.0 = Release|Any CPU
	EndGlobalSection
	GlobalSection(SolutionProperties) = preSolution
		HideSolutionNode = FALSE
	EndGlobalSection
	GlobalSection(NestedProjects) = preSolution
		{C32F3ABD-9983-4C8B-B145-AAEEE0FC2DCB} = {DC64C388-0A1C-4D74-ACC9-942486418953}
		{0F102C97-4957-4566-9C79-CFEE38B9D86C} = {54E6E2E7-3D09-4846-B0DF-DE22EA0AF516}
	EndGlobalSection
	GlobalSection(ExtensibilityGlobals) = postSolution
		SolutionGuid = {2A12D9F6-4134-4EEE-9CDE-8CDE5EEDB0F4}
	EndGlobalSection
EndGlobal
